<Solution Description="Visual Studio slnx file generated by Premake" Version="1.4">
  <Configurations>
    <BuildType Name="Debug" />
    <BuildType Name="Dist" />
    <BuildType Name="Release" />
    <Platform Name="x64" />
  </Configurations>
  <Project Path="Impaction\vendor\GLFW\GLFW.vcxproj" Id="154B857C-0182-860D-AA6E-6C109684020F">
  </Project>
  <Project Path="Impaction\Impaction.vcxproj" Id="6944A058-D5AE-54CF-1EED-05758A963224">
  </Project>
  <Project Path="Sandbox\Sandbox.vcxproj" Id="F4C124E3-60A1-A37E-69B9-2E55D5170AE0">
  </Project>
</Solution>